
Microsoft Visual Studio Solution File, Format Version 12.00
# Visual Studio Version 16
VisualStudioVersion = 16.0.33529.622
MinimumVisualStudioVersion = 10.0.40219.1
Project("{FAE04EC0-301F-11D3-BF4B-00C04F79EFBC}") = "Script_Library", "Script_Library\Script_Library.csproj", "{11F99C0A-5C2B-4864-BD33-49BADBC41CEE}"
EndProject
Global
	GlobalSection(SolutionConfigurationPlatforms) = preSolution
		Debug|Any CPU = Debug|Any CPU
		Release|Any CPU = Release|Any CPU
	EndGlobalSection
	GlobalSection(ProjectConfigurationPlatforms) = postSolution
		{11F99C0A-5C2B-4864-BD33-49BADBC41CEE}.Debug|Any CPU.ActiveCfg = Debug|Any CPU
		{11F99C0A-5C2B-4864-BD33-49BADBC41CEE}.Debug|Any CPU.Build.0 = Debug|Any CPU
		{11F99C0A-5C2B-4864-BD33-49BADBC41CEE}.Release|Any CPU.ActiveCfg = Release|Any CPU
		{11F99C0A-5C2B-4864-BD33-49BADBC41CEE}.Release|Any CPU.Build.0 = Release|Any CPU
	EndGlobalSection
	GlobalSection(SolutionProperties) = preSolution
		HideSolutionNode = FALSE
	EndGlobalSection
	GlobalSection(ExtensibilityGlobals) = postSolution
		SolutionGuid = {E44923E0-958C-4EB9-AC3D-65D282CB9166}
	EndGlobalSection
EndGlobal
